
Microsoft Visual Studio Solution File, Format Version 12.00
# Visual Studio Version 17
VisualStudioVersion = 17.4.33403.182
MinimumVisualStudioVersion = 10.0.40219.1
Project("{FAE04EC0-301F-11D3-BF4B-00C04F79EFBC}") = "JulAPI", "JulAPI\JulAPI.csproj", "{B4F1370C-87F6-482E-A4F1-43191389ACD1}"
EndProject
Project("{FAE04EC0-301F-11D3-BF4B-00C04F79EFBC}") = "ClientSide", "ClientSide\ClientSide.csproj", "{FCA4E453-B81E-47B6-A22D-2228A52D43ED}"
EndProject
Project("{FAE04EC0-301F-11D3-BF4B-00C04F79EFBC}") = "ClientTest", "ClientTest\ClientTest.csproj", "{05629BE9-CA96-4203-B61C-820FD76A2715}"
EndProject
Global
	GlobalSection(SolutionConfigurationPlatforms) = preSolution
		Debug|Any CPU = Debug|Any CPU
		Release|Any CPU = Release|Any CPU
	EndGlobalSection
	GlobalSection(ProjectConfigurationPlatforms) = postSolution
		{B4F1370C-87F6-482E-A4F1-43191389ACD1}.Debug|Any CPU.ActiveCfg = Debug|Any CPU
		{B4F1370C-87F6-482E-A4F1-43191389ACD1}.Debug|Any CPU.Build.0 = Debug|Any CPU
		{B4F1370C-87F6-482E-A4F1-43191389ACD1}.Release|Any CPU.ActiveCfg = Release|Any CPU
		{B4F1370C-87F6-482E-A4F1-43191389ACD1}.Release|Any CPU.Build.0 = Release|Any CPU
		{FCA4E453-B81E-47B6-A22D-2228A52D43ED}.Debug|Any CPU.ActiveCfg = Debug|Any CPU
		{FCA4E453-B81E-47B6-A22D-2228A52D43ED}.Debug|Any CPU.Build.0 = Debug|Any CPU
		{FCA4E453-B81E-47B6-A22D-2228A52D43ED}.Release|Any CPU.ActiveCfg = Release|Any CPU
		{FCA4E453-B81E-47B6-A22D-2228A52D43ED}.Release|Any CPU.Build.0 = Release|Any CPU
		{05629BE9-CA96-4203-B61C-820FD76A2715}.Debug|Any CPU.ActiveCfg = Debug|Any CPU
		{05629BE9-CA96-4203-B61C-820FD76A2715}.Debug|Any CPU.Build.0 = Debug|Any CPU
		{05629BE9-CA96-4203-B61C-820FD76A2715}.Release|Any CPU.ActiveCfg = Release|Any CPU
		{05629BE9-CA96-4203-B61C-820FD76A2715}.Release|Any CPU.Build.0 = Release|Any CPU
	EndGlobalSection
	GlobalSection(SolutionProperties) = preSolution
		HideSolutionNode = FALSE
	EndGlobalSection
	GlobalSection(ExtensibilityGlobals) = postSolution
		SolutionGuid = {ABA325FA-FBD4-41DB-A48B-D35AD0D3E346}
	EndGlobalSection
EndGlobal
